
Microsoft Visual Studio Solution File, Format Version 12.00
# Visual Studio Version 17
VisualStudioVersion = 17.6.33829.357
MinimumVisualStudioVersion = 10.0.40219.1
Project("{FAE04EC0-301F-11D3-BF4B-00C04F79EFBC}") = "XhzNotepadAPI", "XhzNotepadAPI\XhzNotepadAPI.csproj", "{F14AFACB-3BFB-4493-80B6-B368088C7C86}"
EndProject
Global
	GlobalSection(SolutionConfigurationPlatforms) = preSolution
		Debug|Any CPU = Debug|Any CPU
		Release|Any CPU = Release|Any CPU
	EndGlobalSection
	GlobalSection(ProjectConfigurationPlatforms) = postSolution
		{F14AFACB-3BFB-4493-80B6-B368088C7C86}.Debug|Any CPU.ActiveCfg = Debug|Any CPU
		{F14AFACB-3BFB-4493-80B6-B368088C7C86}.Debug|Any CPU.Build.0 = Debug|Any CPU
		{F14AFACB-3BFB-4493-80B6-B368088C7C86}.Release|Any CPU.ActiveCfg = Release|Any CPU
		{F14AFACB-3BFB-4493-80B6-B368088C7C86}.Release|Any CPU.Build.0 = Release|Any CPU
	EndGlobalSection
	GlobalSection(SolutionProperties) = preSolution
		HideSolutionNode = FALSE
	EndGlobalSection
	GlobalSection(ExtensibilityGlobals) = postSolution
		SolutionGuid = {98D823FB-1D6E-4B44-98D6-E96E66CB299D}
	EndGlobalSection
EndGlobal
